// !$*UTF8*$!
{
	archiveVersion = 1;
	classes = {
	};
	objectVersion = 52;
	objects = {

/* Begin PBXBuildFile section */
		870A7D862868A94A008575D1 /* AppDelegate.swift in Sources */ = {isa = PBXBuildFile; fileRef = 870A7D7B2868A94A008575D1 /* AppDelegate.swift */; };
		870A7D872868A94A008575D1 /* CustomLayoutManager.swift in Sources */ = {isa = PBXBuildFile; fileRef = 870A7D7C2868A94A008575D1 /* CustomLayoutManager.swift */; };
		870A7D8B2868A94A008575D1 /* ViewController.swift in Sources */ = {isa = PBXBuildFile; fileRef = 870A7D832868A94A008575D1 /* ViewController.swift */; };
		870A7D8C2868A94A008575D1 /* Assets.xcassets in Resources */ = {isa = PBXBuildFile; fileRef = 870A7D842868A94A008575D1 /* Assets.xcassets */; };
		870A7D8D2868A94A008575D1 /* SceneDelegate.swift in Sources */ = {isa = PBXBuildFile; fileRef = 870A7D852868A94A008575D1 /* SceneDelegate.swift */; };
		8754A3042868AE67003C2887 /* HighlightingTextView in Frameworks */ = {isa = PBXBuildFile; productRef = 8754A3032868AE67003C2887 /* HighlightingTextView */; };
		87571C1F2868AC1B001E02A4 /* Main.storyboard in Resources */ = {isa = PBXBuildFile; fileRef = 870A7D812868A94A008575D1 /* Main.storyboard */; };
		87571C202868AC1B001E02A4 /* LaunchScreen.storyboard in Resources */ = {isa = PBXBuildFile; fileRef = 870A7D7F2868A94A008575D1 /* LaunchScreen.storyboard */; };
/* End PBXBuildFile section */

/* Begin PBXFileReference section */
		870A7D7A2868A949008575D1 /* HightlightTextView-Bridging-Header.h */ = {isa = PBXFileReference; lastKnownFileType = sourcecode.c.h; path = "HightlightTextView-Bridging-Header.h"; sourceTree = "<group>"; };
		870A7D7B2868A94A008575D1 /* AppDelegate.swift */ = {isa = PBXFileReference; fileEncoding = 4; lastKnownFileType = sourcecode.swift; path = AppDelegate.swift; sourceTree = "<group>"; };
		870A7D7C2868A94A008575D1 /* CustomLayoutManager.swift */ = {isa = PBXFileReference; fileEncoding = 4; lastKnownFileType = sourcecode.swift; path = CustomLayoutManager.swift; sourceTree = "<group>"; };
		870A7D7F2868A94A008575D1 /* LaunchScreen.storyboard */ = {isa = PBXFileReference; lastKnownFileType = file.storyboard; path = LaunchScreen.storyboard; sourceTree = "<group>"; };
		870A7D812868A94A008575D1 /* Main.storyboard */ = {isa = PBXFileReference; lastKnownFileType = file.storyboard; path = Main.storyboard; sourceTree = "<group>"; };
		870A7D822868A94A008575D1 /* Info.plist */ = {isa = PBXFileReference; fileEncoding = 4; lastKnownFileType = text.plist.xml; path = Info.plist; sourceTree = "<group>"; };
		870A7D832868A94A008575D1 /* ViewController.swift */ = {isa = PBXFileReference; fileEncoding = 4; lastKnownFileType = sourcecode.swift; path = ViewController.swift; sourceTree = "<group>"; };
		870A7D842868A94A008575D1 /* Assets.xcassets */ = {isa = PBXFileReference; lastKnownFileType = folder.assetcatalog; path = Assets.xcassets; sourceTree = "<group>"; };
		870A7D852868A94A008575D1 /* SceneDelegate.swift */ = {isa = PBXFileReference; fileEncoding = 4; lastKnownFileType = sourcecode.swift; path = SceneDelegate.swift; sourceTree = "<group>"; };
		878DF738286A0FC600B41EDD /* HighlightingTextView */ = {isa = PBXFileReference; lastKnownFileType = wrapper; name = HighlightingTextView; path = ..; sourceTree = "<group>"; };
		87D223EC26E6FF20006A8A45 /* HighlightTextView.app */ = {isa = PBXFileReference; explicitFileType = wrapper.application; includeInIndex = 0; path = HighlightTextView.app; sourceTree = BUILT_PRODUCTS_DIR; };
/* End PBXFileReference section */

/* Begin PBXFrameworksBuildPhase section */
		87D223E926E6FF20006A8A45 /* Frameworks */ = {
			isa = PBXFrameworksBuildPhase;
			buildActionMask = 2147483647;
			files = (
				8754A3042868AE67003C2887 /* HighlightingTextView in Frameworks */,
			);
			runOnlyForDeploymentPostprocessing = 0;
		};
/* End PBXFrameworksBuildPhase section */

/* Begin PBXGroup section */
		8754A3012868AE5C003C2887 /* Packages */ = {
			isa = PBXGroup;
			children = (
				878DF738286A0FC600B41EDD /* HighlightingTextView */,
			);
			name = Packages;
			sourceTree = "<group>";
		};
		87571C212868AC55001E02A4 /* Frameworks */ = {
			isa = PBXGroup;
			children = (
			);
			name = Frameworks;
			sourceTree = "<group>";
		};
		87D223E326E6FF20006A8A45 = {
			isa = PBXGroup;
			children = (
				8754A3012868AE5C003C2887 /* Packages */,
				870A7D7B2868A94A008575D1 /* AppDelegate.swift */,
				870A7D842868A94A008575D1 /* Assets.xcassets */,
				870A7D812868A94A008575D1 /* Main.storyboard */,
				870A7D7F2868A94A008575D1 /* LaunchScreen.storyboard */,
				870A7D7C2868A94A008575D1 /* CustomLayoutManager.swift */,
				870A7D822868A94A008575D1 /* Info.plist */,
				870A7D852868A94A008575D1 /* SceneDelegate.swift */,
				870A7D832868A94A008575D1 /* ViewController.swift */,
				87D223ED26E6FF20006A8A45 /* Products */,
				870A7D7A2868A949008575D1 /* HightlightTextView-Bridging-Header.h */,
				87571C212868AC55001E02A4 /* Frameworks */,
			);
			sourceTree = "<group>";
		};
		87D223ED26E6FF20006A8A45 /* Products */ = {
			isa = PBXGroup;
			children = (
				87D223EC26E6FF20006A8A45 /* HighlightTextView.app */,
			);
			name = Products;
			sourceTree = "<group>";
		};
/* End PBXGroup section */

/* Begin PBXNativeTarget section */
		87D223EB26E6FF20006A8A45 /* HighlightTextView */ = {
			isa = PBXNativeTarget;
			buildConfigurationList = 87D2240026E6FF22006A8A45 /* Build configuration list for PBXNativeTarget "HighlightTextView" */;
			buildPhases = (
				87D223E826E6FF20006A8A45 /* Sources */,
				87D223E926E6FF20006A8A45 /* Frameworks */,
				87D223EA26E6FF20006A8A45 /* Resources */,
			);
			buildRules = (
			);
			dependencies = (
			);
			name = HighlightTextView;
			packageProductDependencies = (
				8754A3032868AE67003C2887 /* HighlightingTextView */,
			);
			productName = HightlightTextView;
			productReference = 87D223EC26E6FF20006A8A45 /* HighlightTextView.app */;
			productType = "com.apple.product-type.application";
		};
/* End PBXNativeTarget section */

/* Begin PBXProject section */
		87D223E426E6FF20006A8A45 /* Project object */ = {
			isa = PBXProject;
			attributes = {
				LastSwiftUpdateCheck = 1250;
				LastUpgradeCheck = 1250;
				TargetAttributes = {
					87D223EB26E6FF20006A8A45 = {
						CreatedOnToolsVersion = 12.5;
						LastSwiftMigration = 1340;
					};
				};
			};
			buildConfigurationList = 87D223E726E6FF20006A8A45 /* Build configuration list for PBXProject "HighlightTextView" */;
			compatibilityVersion = "Xcode 9.3";
			developmentRegion = en;
			hasScannedForEncodings = 0;
			knownRegions = (
				en,
				Base,
			);
			mainGroup = 87D223E326E6FF20006A8A45;
			productRefGroup = 87D223ED26E6FF20006A8A45 /* Products */;
			projectDirPath = "";
			projectRoot = "";
			targets = (
				87D223EB26E6FF20006A8A45 /* HighlightTextView */,
			);
		};
/* End PBXProject section */

/* Begin PBXResourcesBuildPhase section */
		87D223EA26E6FF20006A8A45 /* Resources */ = {
			isa = PBXResourcesBuildPhase;
			buildActionMask = 2147483647;
			files = (
				87571C202868AC1B001E02A4 /* LaunchScreen.storyboard in Resources */,
				87571C1F2868AC1B001E02A4 /* Main.storyboard in Resources */,
				870A7D8C2868A94A008575D1 /* Assets.xcassets in Resources */,
			);
			runOnlyForDeploymentPostprocessing = 0;
		};
/* End PBXResourcesBuildPhase section */

/* Begin PBXSourcesBuildPhase section */
		87D223E826E6FF20006A8A45 /* Sources */ = {
			isa = PBXSourcesBuildPhase;
			buildActionMask = 2147483647;
			files = (
				870A7D8B2868A94A008575D1 /* ViewController.swift in Sources */,
				870A7D872868A94A008575D1 /* CustomLayoutManager.swift in Sources */,
				870A7D862868A94A008575D1 /* AppDelegate.swift in Sources */,
				870A7D8D2868A94A008575D1 /* SceneDelegate.swift in Sources */,
			);
			runOnlyForDeploymentPostprocessing = 0;
		};
/* End PBXSourcesBuildPhase section */

/* Begin XCBuildConfiguration section */
		87D223FE26E6FF22006A8A45 /* Debug */ = {
			isa = XCBuildConfiguration;
			buildSettings = {
				ALWAYS_SEARCH_USER_PATHS = NO;
				CLANG_ANALYZER_NONNULL = YES;
				CLANG_ANALYZER_NUMBER_OBJECT_CONVERSION = YES_AGGRESSIVE;
				CLANG_CXX_LANGUAGE_STANDARD = "gnu++14";
				CLANG_CXX_LIBRARY = "libc++";
				CLANG_ENABLE_MODULES = YES;
				CLANG_ENABLE_OBJC_ARC = YES;
				CLANG_ENABLE_OBJC_WEAK = YES;
				CLANG_WARN_BLOCK_CAPTURE_AUTORELEASING = YES;
				CLANG_WARN_BOOL_CONVERSION = YES;
				CLANG_WARN_COMMA = YES;
				CLANG_WARN_CONSTANT_CONVERSION = YES;
				CLANG_WARN_DEPRECATED_OBJC_IMPLEMENTATIONS = YES;
				CLANG_WARN_DIRECT_OBJC_ISA_USAGE = YES_ERROR;
				CLANG_WARN_DOCUMENTATION_COMMENTS = YES;
				CLANG_WARN_EMPTY_BODY = YES;
				CLANG_WARN_ENUM_CONVERSION = YES;
				CLANG_WARN_INFINITE_RECURSION = YES;
				CLANG_WARN_INT_CONVERSION = YES;
				CLANG_WARN_NON_LITERAL_NULL_CONVERSION = YES;
				CLANG_WARN_OBJC_IMPLICIT_RETAIN_SELF = YES;
				CLANG_WARN_OBJC_LITERAL_CONVERSION = YES;
				CLANG_WARN_OBJC_ROOT_CLASS = YES_ERROR;
				CLANG_WARN_QUOTED_INCLUDE_IN_FRAMEWORK_HEADER = YES;
				CLANG_WARN_RANGE_LOOP_ANALYSIS = YES;
				CLANG_WARN_STRICT_PROTOTYPES = YES;
				CLANG_WARN_SUSPICIOUS_MOVE = YES;
				CLANG_WARN_UNGUARDED_AVAILABILITY = YES_AGGRESSIVE;
				CLANG_WARN_UNREACHABLE_CODE = YES;
				CLANG_WARN__DUPLICATE_METHOD_MATCH = YES;
				COPY_PHASE_STRIP = NO;
				DEBUG_INFORMATION_FORMAT = dwarf;
				ENABLE_STRICT_OBJC_MSGSEND = YES;
				ENABLE_TESTABILITY = YES;
				GCC_C_LANGUAGE_STANDARD = gnu11;
				GCC_DYNAMIC_NO_PIC = NO;
				GCC_NO_COMMON_BLOCKS = YES;
				GCC_OPTIMIZATION_LEVEL = 0;
				GCC_PREPROCESSOR_DEFINITIONS = (
					"DEBUG=1",
					"$(inherited)",
				);
				GCC_WARN_64_TO_32_BIT_CONVERSION = YES;
				GCC_WARN_ABOUT_RETURN_TYPE = YES_ERROR;
				GCC_WARN_UNDECLARED_SELECTOR = YES;
				GCC_WARN_UNINITIALIZED_AUTOS = YES_AGGRESSIVE;
				GCC_WARN_UNUSED_FUNCTION = YES;
				GCC_WARN_UNUSED_VARIABLE = YES;
				IPHONEOS_DEPLOYMENT_TARGET = 14.5;
				MTL_ENABLE_DEBUG_INFO = INCLUDE_SOURCE;
				MTL_FAST_MATH = YES;
				ONLY_ACTIVE_ARCH = YES;
				SDKROOT = iphoneos;
				SWIFT_ACTIVE_COMPILATION_CONDITIONS = DEBUG;
				SWIFT_OPTIMIZATION_LEVEL = "-Onone";
			};
			name = Debug;
		};
		87D223FF26E6FF22006A8A45 /* Release */ = {
			isa = XCBuildConfiguration;
			buildSettings = {
				ALWAYS_SEARCH_USER_PATHS = NO;
				CLANG_ANALYZER_NONNULL = YES;
				CLANG_ANALYZER_NUMBER_OBJECT_CONVERSION = YES_AGGRESSIVE;
				CLANG_CXX_LANGUAGE_STANDARD = "gnu++14";
				CLANG_CXX_LIBRARY = "libc++";
				CLANG_ENABLE_MODULES = YES;
				CLANG_ENABLE_OBJC_ARC = YES;
				CLANG_ENABLE_OBJC_WEAK = YES;
				CLANG_WARN_BLOCK_CAPTURE_AUTORELEASING = YES;
				CLANG_WARN_BOOL_CONVERSION = YES;
				CLANG_WARN_COMMA = YES;
				CLANG_WARN_CONSTANT_CONVERSION = YES;
				CLANG_WARN_DEPRECATED_OBJC_IMPLEMENTATIONS = YES;
				CLANG_WARN_DIRECT_OBJC_ISA_USAGE = YES_ERROR;
				CLANG_WARN_DOCUMENTATION_COMMENTS = YES;
				CLANG_WARN_EMPTY_BODY = YES;
				CLANG_WARN_ENUM_CONVERSION = YES;
				CLANG_WARN_INFINITE_RECURSION = YES;
				CLANG_WARN_INT_CONVERSION = YES;
				CLANG_WARN_NON_LITERAL_NULL_CONVERSION = YES;
				CLANG_WARN_OBJC_IMPLICIT_RETAIN_SELF = YES;
				CLANG_WARN_OBJC_LITERAL_CONVERSION = YES;
				CLANG_WARN_OBJC_ROOT_CLASS = YES_ERROR;
				CLANG_WARN_QUOTED_INCLUDE_IN_FRAMEWORK_HEADER = YES;
				CLANG_WARN_RANGE_LOOP_ANALYSIS = YES;
				CLANG_WARN_STRICT_PROTOTYPES = YES;
				CLANG_WARN_SUSPICIOUS_MOVE = YES;
				CLANG_WARN_UNGUARDED_AVAILABILITY = YES_AGGRESSIVE;
				CLANG_WARN_UNREACHABLE_CODE = YES;
				CLANG_WARN__DUPLICATE_METHOD_MATCH = YES;
				COPY_PHASE_STRIP = NO;
				DEBUG_INFORMATION_FORMAT = "dwarf-with-dsym";
				ENABLE_NS_ASSERTIONS = NO;
				ENABLE_STRICT_OBJC_MSGSEND = YES;
				GCC_C_LANGUAGE_STANDARD = gnu11;
				GCC_NO_COMMON_BLOCKS = YES;
				GCC_WARN_64_TO_32_BIT_CONVERSION = YES;
				GCC_WARN_ABOUT_RETURN_TYPE = YES_ERROR;
				GCC_WARN_UNDECLARED_SELECTOR = YES;
				GCC_WARN_UNINITIALIZED_AUTOS = YES_AGGRESSIVE;
				GCC_WARN_UNUSED_FUNCTION = YES;
				GCC_WARN_UNUSED_VARIABLE = YES;
				IPHONEOS_DEPLOYMENT_TARGET = 14.5;
				MTL_ENABLE_DEBUG_INFO = NO;
				MTL_FAST_MATH = YES;
				SDKROOT = iphoneos;
				SWIFT_COMPILATION_MODE = wholemodule;
				SWIFT_OPTIMIZATION_LEVEL = "-O";
				VALIDATE_PRODUCT = YES;
			};
			name = Release;
		};
		87D2240126E6FF22006A8A45 /* Debug */ = {
			isa = XCBuildConfiguration;
			buildSettings = {
				ASSETCATALOG_COMPILER_APPICON_NAME = AppIcon;
				ASSETCATALOG_COMPILER_GLOBAL_ACCENT_COLOR_NAME = AccentColor;
				CLANG_ENABLE_MODULES = YES;
				CODE_SIGN_STYLE = Automatic;
				DEVELOPMENT_TEAM = H6YADKW66T;
				INFOPLIST_FILE = "$(SRCROOT)/Info.plist";
				LD_RUNPATH_SEARCH_PATHS = (
					"$(inherited)",
					"@executable_path/Frameworks",
				);
				PRODUCT_BUNDLE_IDENTIFIER = com.ryanholden.HighlightTextView;
				PRODUCT_NAME = "$(TARGET_NAME)";
				SWIFT_OBJC_BRIDGING_HEADER = "HightlightTextView-Bridging-Header.h";
				SWIFT_OPTIMIZATION_LEVEL = "-Onone";
				SWIFT_VERSION = 5.0;
				TARGETED_DEVICE_FAMILY = "1,2";
			};
			name = Debug;
		};
		87D2240226E6FF22006A8A45 /* Release */ = {
			isa = XCBuildConfiguration;
			buildSettings = {
				ASSETCATALOG_COMPILER_APPICON_NAME = AppIcon;
				ASSETCATALOG_COMPILER_GLOBAL_ACCENT_COLOR_NAME = AccentColor;
				CLANG_ENABLE_MODULES = YES;
				CODE_SIGN_STYLE = Automatic;
				DEVELOPMENT_TEAM = H6YADKW66T;
				INFOPLIST_FILE = "$(SRCROOT)/Info.plist";
				LD_RUNPATH_SEARCH_PATHS = (
					"$(inherited)",
					"@executable_path/Frameworks",
				);
				PRODUCT_BUNDLE_IDENTIFIER = com.ryanholden.HighlightTextView;
				PRODUCT_NAME = "$(TARGET_NAME)";
				SWIFT_OBJC_BRIDGING_HEADER = "HightlightTextView-Bridging-Header.h";
				SWIFT_VERSION = 5.0;
				TARGETED_DEVICE_FAMILY = "1,2";
			};
			name = Release;
		};
/* End XCBuildConfiguration section */

/* Begin XCConfigurationList section */
		87D223E726E6FF20006A8A45 /* Build configuration list for PBXProject "HighlightTextView" */ = {
			isa = XCConfigurationList;
			buildConfigurations = (
				87D223FE26E6FF22006A8A45 /* Debug */,
				87D223FF26E6FF22006A8A45 /* Release */,
			);
			defaultConfigurationIsVisible = 0;
			defaultConfigurationName = Release;
		};
		87D2240026E6FF22006A8A45 /* Build configuration list for PBXNativeTarget "HighlightTextView" */ = {
			isa = XCConfigurationList;
			buildConfigurations = (
				87D2240126E6FF22006A8A45 /* Debug */,
				87D2240226E6FF22006A8A45 /* Release */,
			);
			defaultConfigurationIsVisible = 0;
			defaultConfigurationName = Release;
		};
/* End XCConfigurationList section */

/* Begin XCSwiftPackageProductDependency section */
		8754A3032868AE67003C2887 /* HighlightingTextView */ = {
			isa = XCSwiftPackageProductDependency;
			productName = HighlightingTextView;
		};
/* End XCSwiftPackageProductDependency section */
	};
	rootObject = 87D223E426E6FF20006A8A45 /* Project object */;
}
